
Microsoft Visual Studio Solution File, Format Version 12.00
# Visual Studio Version 17
VisualStudioVersion = 17.2.32616.157
MinimumVisualStudioVersion = 10.0.40219.1
Project("{FAE04EC0-301F-11D3-BF4B-00C04F79EFBC}") = "LineNotifierCmd", "LineNotifierCmd.csproj", "{6FB3F0DC-BFB3-45CC-BB32-09EEBADAB4DA}"
EndProject
Global
	GlobalSection(SolutionConfigurationPlatforms) = preSolution
		Debug|Any CPU = Debug|Any CPU
		Release|Any CPU = Release|Any CPU
	EndGlobalSection
	GlobalSection(ProjectConfigurationPlatforms) = postSolution
		{6FB3F0DC-BFB3-45CC-BB32-09EEBADAB4DA}.Debug|Any CPU.ActiveCfg = Debug|Any CPU
		{6FB3F0DC-BFB3-45CC-BB32-09EEBADAB4DA}.Debug|Any CPU.Build.0 = Debug|Any CPU
		{6FB3F0DC-BFB3-45CC-BB32-09EEBADAB4DA}.Release|Any CPU.ActiveCfg = Release|Any CPU
		{6FB3F0DC-BFB3-45CC-BB32-09EEBADAB4DA}.Release|Any CPU.Build.0 = Release|Any CPU
	EndGlobalSection
	GlobalSection(SolutionProperties) = preSolution
		HideSolutionNode = FALSE
	EndGlobalSection
	GlobalSection(ExtensibilityGlobals) = postSolution
		SolutionGuid = {C9C82A71-F312-4391-BAD7-4E39D6A25409}
	EndGlobalSection
EndGlobal
